// !$*UTF8*$!
{
	archiveVersion = 1;
	classes = {
	};
	objectVersion = 46;
	objects = {

/* Begin PBXBuildFile section */
		2239C3D1150E771A00032531 /* Twitter.framework in Frameworks */ = {isa = PBXBuildFile; fileRef = 2239C3D0150E771A00032531 /* Twitter.framework */; };
		2239C3D3150E78DC00032531 /* Accounts.framework in Frameworks */ = {isa = PBXBuildFile; fileRef = 2239C3D2150E78DC00032531 /* Accounts.framework */; };
		223C768A150BDB710040D903 /* PeopleModel.xcdatamodeld in Sources */ = {isa = PBXBuildFile; fileRef = 223C7688150BDB710040D903 /* PeopleModel.xcdatamodeld */; };
		2289B5B61544791A0065F86E /* background.jpg in Resources */ = {isa = PBXBuildFile; fileRef = 2289B5A01544791A0065F86E /* background.jpg */; };
		2289B5B71544791A0065F86E /* background@2x.jpg in Resources */ = {isa = PBXBuildFile; fileRef = 2289B5A11544791A0065F86E /* background@2x.jpg */; };
		2289B5B81544791A0065F86E /* birthday.png in Resources */ = {isa = PBXBuildFile; fileRef = 2289B5A21544791A0065F86E /* birthday.png */; };
		2289B5B91544791A0065F86E /* birthday@2x.png in Resources */ = {isa = PBXBuildFile; fileRef = 2289B5A31544791A0065F86E /* birthday@2x.png */; };
		2289B5BA1544791A0065F86E /* blank.png in Resources */ = {isa = PBXBuildFile; fileRef = 2289B5A41544791A0065F86E /* blank.png */; };
		2289B5BB1544791A0065F86E /* blank@2x.png in Resources */ = {isa = PBXBuildFile; fileRef = 2289B5A51544791A0065F86E /* blank@2x.png */; };
		2289B5BC1544791A0065F86E /* cal.png in Resources */ = {isa = PBXBuildFile; fileRef = 2289B5A61544791A0065F86E /* cal.png */; };
		2289B5BD1544791A0065F86E /* cal@2x.png in Resources */ = {isa = PBXBuildFile; fileRef = 2289B5A71544791A0065F86E /* cal@2x.png */; };
		2289B5BE1544791A0065F86E /* danadroid.png in Resources */ = {isa = PBXBuildFile; fileRef = 2289B5A81544791A0065F86E /* danadroid.png */; };
		2289B5BF1544791A0065F86E /* danadroid@2x.png in Resources */ = {isa = PBXBuildFile; fileRef = 2289B5A91544791A0065F86E /* danadroid@2x.png */; };
		2289B5C01544791A0065F86E /* delete.png in Resources */ = {isa = PBXBuildFile; fileRef = 2289B5AA1544791A0065F86E /* delete.png */; };
		2289B5C11544791A0065F86E /* delete@2x.png in Resources */ = {isa = PBXBuildFile; fileRef = 2289B5AB1544791A0065F86E /* delete@2x.png */; };
		2289B5C21544791A0065F86E /* edit.png in Resources */ = {isa = PBXBuildFile; fileRef = 2289B5AC1544791A0065F86E /* edit.png */; };
		2289B5C31544791A0065F86E /* edit@2x.png in Resources */ = {isa = PBXBuildFile; fileRef = 2289B5AD1544791A0065F86E /* edit@2x.png */; };
		2289B5C41544791A0065F86E /* ribbon.png in Resources */ = {isa = PBXBuildFile; fileRef = 2289B5AE1544791A0065F86E /* ribbon.png */; };
		2289B5C51544791A0065F86E /* ribbon@2x.png in Resources */ = {isa = PBXBuildFile; fileRef = 2289B5AF1544791A0065F86E /* ribbon@2x.png */; };
		2289B5C61544791A0065F86E /* shadowbar.png in Resources */ = {isa = PBXBuildFile; fileRef = 2289B5B01544791A0065F86E /* shadowbar.png */; };
		2289B5C71544791A0065F86E /* shadowbar@2x.png in Resources */ = {isa = PBXBuildFile; fileRef = 2289B5B11544791A0065F86E /* shadowbar@2x.png */; };
		2289B5C81544791A0065F86E /* sideshadow.png in Resources */ = {isa = PBXBuildFile; fileRef = 2289B5B21544791A0065F86E /* sideshadow.png */; };
		2289B5C91544791A0065F86E /* sideshadow@2x.png in Resources */ = {isa = PBXBuildFile; fileRef = 2289B5B31544791A0065F86E /* sideshadow@2x.png */; };
		2289B5CA1544791A0065F86E /* twitter.png in Resources */ = {isa = PBXBuildFile; fileRef = 2289B5B41544791A0065F86E /* twitter.png */; };
		2289B5CB1544791A0065F86E /* twitter@2x.png in Resources */ = {isa = PBXBuildFile; fileRef = 2289B5B51544791A0065F86E /* twitter@2x.png */; };
		22B771E3150845C00031D28E /* UIKit.framework in Frameworks */ = {isa = PBXBuildFile; fileRef = 22B771E2150845C00031D28E /* UIKit.framework */; };
		22B771E5150845C00031D28E /* Foundation.framework in Frameworks */ = {isa = PBXBuildFile; fileRef = 22B771E4150845C00031D28E /* Foundation.framework */; };
		22B771E7150845C00031D28E /* CoreGraphics.framework in Frameworks */ = {isa = PBXBuildFile; fileRef = 22B771E6150845C00031D28E /* CoreGraphics.framework */; };
		22B771ED150845C00031D28E /* InfoPlist.strings in Resources */ = {isa = PBXBuildFile; fileRef = 22B771EB150845C00031D28E /* InfoPlist.strings */; };
		22B771EF150845C00031D28E /* main.m in Sources */ = {isa = PBXBuildFile; fileRef = 22B771EE150845C00031D28E /* main.m */; };
		22B771F3150845C00031D28E /* AppDelegate.m in Sources */ = {isa = PBXBuildFile; fileRef = 22B771F2150845C00031D28E /* AppDelegate.m */; };
		22B771F6150845C00031D28E /* MainStoryboard.storyboard in Resources */ = {isa = PBXBuildFile; fileRef = 22B771F4150845C00031D28E /* MainStoryboard.storyboard */; };
		22B771F9150845C00031D28E /* MasterViewController.m in Sources */ = {isa = PBXBuildFile; fileRef = 22B771F8150845C00031D28E /* MasterViewController.m */; };
		22B77204150845C10031D28E /* SenTestingKit.framework in Frameworks */ = {isa = PBXBuildFile; fileRef = 22B77203150845C10031D28E /* SenTestingKit.framework */; };
		22B77205150845C10031D28E /* UIKit.framework in Frameworks */ = {isa = PBXBuildFile; fileRef = 22B771E2150845C00031D28E /* UIKit.framework */; };
		22B77206150845C10031D28E /* Foundation.framework in Frameworks */ = {isa = PBXBuildFile; fileRef = 22B771E4150845C00031D28E /* Foundation.framework */; };
		22B7720E150845C10031D28E /* InfoPlist.strings in Resources */ = {isa = PBXBuildFile; fileRef = 22B7720C150845C10031D28E /* InfoPlist.strings */; };
		22B77211150845C10031D28E /* peopleTests.m in Sources */ = {isa = PBXBuildFile; fileRef = 22B77210150845C10031D28E /* peopleTests.m */; };
		22B7721C150847170031D28E /* SlidyTableCell.m in Sources */ = {isa = PBXBuildFile; fileRef = 22B7721B150847170031D28E /* SlidyTableCell.m */; };
		22D410951509A0E00029A57A /* PersonView.m in Sources */ = {isa = PBXBuildFile; fileRef = 22D410941509A0E00029A57A /* PersonView.m */; };
		22D410981509A0EE0029A57A /* Person.m in Sources */ = {isa = PBXBuildFile; fileRef = 22D410971509A0EE0029A57A /* Person.m */; };
		22D4109E1509A3510029A57A /* League_Gothic.otf in Resources */ = {isa = PBXBuildFile; fileRef = 22D4109D1509A3500029A57A /* League_Gothic.otf */; };
		22D410A01509C87C0029A57A /* Museo_Slab_500.otf in Resources */ = {isa = PBXBuildFile; fileRef = 22D4109F1509C87C0029A57A /* Museo_Slab_500.otf */; };
		22D410A31509CC750029A57A /* NSDate+Extra.m in Sources */ = {isa = PBXBuildFile; fileRef = 22D410A21509CC750029A57A /* NSDate+Extra.m */; };
		22D48A37150AAE0D002E0C6B /* AFHTTPClient.m in Sources */ = {isa = PBXBuildFile; fileRef = 22D48A23150AAE0D002E0C6B /* AFHTTPClient.m */; settings = {COMPILER_FLAGS = "-fno-objc-arc"; }; };
		22D48A38150AAE0D002E0C6B /* AFHTTPRequestOperation.m in Sources */ = {isa = PBXBuildFile; fileRef = 22D48A25150AAE0D002E0C6B /* AFHTTPRequestOperation.m */; settings = {COMPILER_FLAGS = "-fno-objc-arc"; }; };
		22D48A39150AAE0D002E0C6B /* AFImageRequestOperation.m in Sources */ = {isa = PBXBuildFile; fileRef = 22D48A27150AAE0D002E0C6B /* AFImageRequestOperation.m */; settings = {COMPILER_FLAGS = "-fno-objc-arc"; }; };
		22D48A3A150AAE0D002E0C6B /* AFJSONRequestOperation.m in Sources */ = {isa = PBXBuildFile; fileRef = 22D48A29150AAE0D002E0C6B /* AFJSONRequestOperation.m */; settings = {COMPILER_FLAGS = "-fno-objc-arc"; }; };
		22D48A3B150AAE0D002E0C6B /* AFJSONUtilities.m in Sources */ = {isa = PBXBuildFile; fileRef = 22D48A2B150AAE0D002E0C6B /* AFJSONUtilities.m */; settings = {COMPILER_FLAGS = "-fno-objc-arc"; }; };
		22D48A3C150AAE0D002E0C6B /* AFNetworkActivityIndicatorManager.m in Sources */ = {isa = PBXBuildFile; fileRef = 22D48A2D150AAE0D002E0C6B /* AFNetworkActivityIndicatorManager.m */; settings = {COMPILER_FLAGS = "-fno-objc-arc"; }; };
		22D48A3D150AAE0D002E0C6B /* AFPropertyListRequestOperation.m in Sources */ = {isa = PBXBuildFile; fileRef = 22D48A30150AAE0D002E0C6B /* AFPropertyListRequestOperation.m */; settings = {COMPILER_FLAGS = "-fno-objc-arc"; }; };
		22D48A3E150AAE0D002E0C6B /* AFURLConnectionOperation.m in Sources */ = {isa = PBXBuildFile; fileRef = 22D48A32150AAE0D002E0C6B /* AFURLConnectionOperation.m */; settings = {COMPILER_FLAGS = "-fno-objc-arc"; }; };
		22D48A3F150AAE0D002E0C6B /* AFXMLRequestOperation.m in Sources */ = {isa = PBXBuildFile; fileRef = 22D48A34150AAE0D002E0C6B /* AFXMLRequestOperation.m */; settings = {COMPILER_FLAGS = "-fno-objc-arc"; }; };
		22D48A40150AAE0D002E0C6B /* UIImageView+AFNetworking.m in Sources */ = {isa = PBXBuildFile; fileRef = 22D48A36150AAE0D002E0C6B /* UIImageView+AFNetworking.m */; settings = {COMPILER_FLAGS = "-fno-objc-arc"; }; };
		22F8B5C4150C658B00BAA5F2 /* CoreData.framework in Frameworks */ = {isa = PBXBuildFile; fileRef = 22F8B5C3150C658B00BAA5F2 /* CoreData.framework */; };
/* End PBXBuildFile section */

/* Begin PBXContainerItemProxy section */
		22B77207150845C10031D28E /* PBXContainerItemProxy */ = {
			isa = PBXContainerItemProxy;
			containerPortal = 22B771D5150845C00031D28E /* Project object */;
			proxyType = 1;
			remoteGlobalIDString = 22B771DD150845C00031D28E;
			remoteInfo = people;
		};
/* End PBXContainerItemProxy section */

/* Begin PBXFileReference section */
		2239C3D0150E771A00032531 /* Twitter.framework */ = {isa = PBXFileReference; lastKnownFileType = wrapper.framework; name = Twitter.framework; path = System/Library/Frameworks/Twitter.framework; sourceTree = SDKROOT; };
		2239C3D2150E78DC00032531 /* Accounts.framework */ = {isa = PBXFileReference; lastKnownFileType = wrapper.framework; name = Accounts.framework; path = System/Library/Frameworks/Accounts.framework; sourceTree = SDKROOT; };
		223C7689150BDB710040D903 /* PeopleModel.xcdatamodel */ = {isa = PBXFileReference; lastKnownFileType = wrapper.xcdatamodel; path = PeopleModel.xcdatamodel; sourceTree = "<group>"; };
		2289B5A01544791A0065F86E /* background.jpg */ = {isa = PBXFileReference; lastKnownFileType = image.jpeg; name = background.jpg; path = images/background.jpg; sourceTree = SOURCE_ROOT; };
		2289B5A11544791A0065F86E /* background@2x.jpg */ = {isa = PBXFileReference; lastKnownFileType = image.jpeg; name = "background@2x.jpg"; path = "images/background@2x.jpg"; sourceTree = SOURCE_ROOT; };
		2289B5A21544791A0065F86E /* birthday.png */ = {isa = PBXFileReference; lastKnownFileType = image.png; name = birthday.png; path = images/birthday.png; sourceTree = SOURCE_ROOT; };
		2289B5A31544791A0065F86E /* birthday@2x.png */ = {isa = PBXFileReference; lastKnownFileType = image.png; name = "birthday@2x.png"; path = "images/birthday@2x.png"; sourceTree = SOURCE_ROOT; };
		2289B5A41544791A0065F86E /* blank.png */ = {isa = PBXFileReference; lastKnownFileType = image.png; name = blank.png; path = images/blank.png; sourceTree = SOURCE_ROOT; };
		2289B5A51544791A0065F86E /* blank@2x.png */ = {isa = PBXFileReference; lastKnownFileType = image.png; name = "blank@2x.png"; path = "images/blank@2x.png"; sourceTree = SOURCE_ROOT; };
		2289B5A61544791A0065F86E /* cal.png */ = {isa = PBXFileReference; lastKnownFileType = image.png; name = cal.png; path = images/cal.png; sourceTree = SOURCE_ROOT; };
		2289B5A71544791A0065F86E /* cal@2x.png */ = {isa = PBXFileReference; lastKnownFileType = image.png; name = "cal@2x.png"; path = "images/cal@2x.png"; sourceTree = SOURCE_ROOT; };
		2289B5A81544791A0065F86E /* danadroid.png */ = {isa = PBXFileReference; lastKnownFileType = image.png; name = danadroid.png; path = images/danadroid.png; sourceTree = SOURCE_ROOT; };
		2289B5A91544791A0065F86E /* danadroid@2x.png */ = {isa = PBXFileReference; lastKnownFileType = image.png; name = "danadroid@2x.png"; path = "images/danadroid@2x.png"; sourceTree = SOURCE_ROOT; };
		2289B5AA1544791A0065F86E /* delete.png */ = {isa = PBXFileReference; lastKnownFileType = image.png; name = delete.png; path = images/delete.png; sourceTree = SOURCE_ROOT; };
		2289B5AB1544791A0065F86E /* delete@2x.png */ = {isa = PBXFileReference; lastKnownFileType = image.png; name = "delete@2x.png"; path = "images/delete@2x.png"; sourceTree = SOURCE_ROOT; };
		2289B5AC1544791A0065F86E /* edit.png */ = {isa = PBXFileReference; lastKnownFileType = image.png; name = edit.png; path = images/edit.png; sourceTree = SOURCE_ROOT; };
		2289B5AD1544791A0065F86E /* edit@2x.png */ = {isa = PBXFileReference; lastKnownFileType = image.png; name = "edit@2x.png"; path = "images/edit@2x.png"; sourceTree = SOURCE_ROOT; };
		2289B5AE1544791A0065F86E /* ribbon.png */ = {isa = PBXFileReference; lastKnownFileType = image.png; name = ribbon.png; path = images/ribbon.png; sourceTree = SOURCE_ROOT; };
		2289B5AF1544791A0065F86E /* ribbon@2x.png */ = {isa = PBXFileReference; lastKnownFileType = image.png; name = "ribbon@2x.png"; path = "images/ribbon@2x.png"; sourceTree = SOURCE_ROOT; };
		2289B5B01544791A0065F86E /* shadowbar.png */ = {isa = PBXFileReference; lastKnownFileType = image.png; name = shadowbar.png; path = images/shadowbar.png; sourceTree = SOURCE_ROOT; };
		2289B5B11544791A0065F86E /* shadowbar@2x.png */ = {isa = PBXFileReference; lastKnownFileType = image.png; name = "shadowbar@2x.png"; path = "images/shadowbar@2x.png"; sourceTree = SOURCE_ROOT; };
		2289B5B21544791A0065F86E /* sideshadow.png */ = {isa = PBXFileReference; lastKnownFileType = image.png; name = sideshadow.png; path = images/sideshadow.png; sourceTree = SOURCE_ROOT; };
		2289B5B31544791A0065F86E /* sideshadow@2x.png */ = {isa = PBXFileReference; lastKnownFileType = image.png; name = "sideshadow@2x.png"; path = "images/sideshadow@2x.png"; sourceTree = SOURCE_ROOT; };
		2289B5B41544791A0065F86E /* twitter.png */ = {isa = PBXFileReference; lastKnownFileType = image.png; name = twitter.png; path = images/twitter.png; sourceTree = SOURCE_ROOT; };
		2289B5B51544791A0065F86E /* twitter@2x.png */ = {isa = PBXFileReference; lastKnownFileType = image.png; name = "twitter@2x.png"; path = "images/twitter@2x.png"; sourceTree = SOURCE_ROOT; };
		22B771DE150845C00031D28E /* people.app */ = {isa = PBXFileReference; explicitFileType = wrapper.application; includeInIndex = 0; path = people.app; sourceTree = BUILT_PRODUCTS_DIR; };
		22B771E2150845C00031D28E /* UIKit.framework */ = {isa = PBXFileReference; lastKnownFileType = wrapper.framework; name = UIKit.framework; path = System/Library/Frameworks/UIKit.framework; sourceTree = SDKROOT; };
		22B771E4150845C00031D28E /* Foundation.framework */ = {isa = PBXFileReference; lastKnownFileType = wrapper.framework; name = Foundation.framework; path = System/Library/Frameworks/Foundation.framework; sourceTree = SDKROOT; };
		22B771E6150845C00031D28E /* CoreGraphics.framework */ = {isa = PBXFileReference; lastKnownFileType = wrapper.framework; name = CoreGraphics.framework; path = System/Library/Frameworks/CoreGraphics.framework; sourceTree = SDKROOT; };
		22B771EA150845C00031D28E /* people-Info.plist */ = {isa = PBXFileReference; lastKnownFileType = text.plist.xml; path = "people-Info.plist"; sourceTree = "<group>"; };
		22B771EC150845C00031D28E /* en */ = {isa = PBXFileReference; lastKnownFileType = text.plist.strings; name = en; path = en.lproj/InfoPlist.strings; sourceTree = "<group>"; };
		22B771EE150845C00031D28E /* main.m */ = {isa = PBXFileReference; lastKnownFileType = sourcecode.c.objc; path = main.m; sourceTree = "<group>"; };
		22B771F0150845C00031D28E /* people-Prefix.pch */ = {isa = PBXFileReference; lastKnownFileType = sourcecode.c.h; path = "people-Prefix.pch"; sourceTree = "<group>"; };
		22B771F1150845C00031D28E /* AppDelegate.h */ = {isa = PBXFileReference; lastKnownFileType = sourcecode.c.h; path = AppDelegate.h; sourceTree = "<group>"; };
		22B771F2150845C00031D28E /* AppDelegate.m */ = {isa = PBXFileReference; lastKnownFileType = sourcecode.c.objc; path = AppDelegate.m; sourceTree = "<group>"; };
		22B771F5150845C00031D28E /* en */ = {isa = PBXFileReference; lastKnownFileType = file.storyboard; name = en; path = en.lproj/MainStoryboard.storyboard; sourceTree = "<group>"; };
		22B771F7150845C00031D28E /* MasterViewController.h */ = {isa = PBXFileReference; lastKnownFileType = sourcecode.c.h; path = MasterViewController.h; sourceTree = "<group>"; };
		22B771F8150845C00031D28E /* MasterViewController.m */ = {isa = PBXFileReference; lastKnownFileType = sourcecode.c.objc; path = MasterViewController.m; sourceTree = "<group>"; };
		22B77202150845C00031D28E /* peopleTests.octest */ = {isa = PBXFileReference; explicitFileType = wrapper.cfbundle; includeInIndex = 0; path = peopleTests.octest; sourceTree = BUILT_PRODUCTS_DIR; };
		22B77203150845C10031D28E /* SenTestingKit.framework */ = {isa = PBXFileReference; lastKnownFileType = wrapper.framework; name = SenTestingKit.framework; path = Library/Frameworks/SenTestingKit.framework; sourceTree = DEVELOPER_DIR; };
		22B7720B150845C10031D28E /* peopleTests-Info.plist */ = {isa = PBXFileReference; lastKnownFileType = text.plist.xml; path = "peopleTests-Info.plist"; sourceTree = "<group>"; };
		22B7720D150845C10031D28E /* en */ = {isa = PBXFileReference; lastKnownFileType = text.plist.strings; name = en; path = en.lproj/InfoPlist.strings; sourceTree = "<group>"; };
		22B7720F150845C10031D28E /* peopleTests.h */ = {isa = PBXFileReference; lastKnownFileType = sourcecode.c.h; path = peopleTests.h; sourceTree = "<group>"; };
		22B77210150845C10031D28E /* peopleTests.m */ = {isa = PBXFileReference; lastKnownFileType = sourcecode.c.objc; path = peopleTests.m; sourceTree = "<group>"; };
		22B7721A150847170031D28E /* SlidyTableCell.h */ = {isa = PBXFileReference; fileEncoding = 4; lastKnownFileType = sourcecode.c.h; path = SlidyTableCell.h; sourceTree = "<group>"; };
		22B7721B150847170031D28E /* SlidyTableCell.m */ = {isa = PBXFileReference; fileEncoding = 4; lastKnownFileType = sourcecode.c.objc; path = SlidyTableCell.m; sourceTree = "<group>"; };
		22D410931509A0E00029A57A /* PersonView.h */ = {isa = PBXFileReference; fileEncoding = 4; lastKnownFileType = sourcecode.c.h; path = PersonView.h; sourceTree = "<group>"; };
		22D410941509A0E00029A57A /* PersonView.m */ = {isa = PBXFileReference; fileEncoding = 4; lastKnownFileType = sourcecode.c.objc; path = PersonView.m; sourceTree = "<group>"; };
		22D410961509A0EE0029A57A /* Person.h */ = {isa = PBXFileReference; fileEncoding = 4; lastKnownFileType = sourcecode.c.h; path = Person.h; sourceTree = "<group>"; };
		22D410971509A0EE0029A57A /* Person.m */ = {isa = PBXFileReference; fileEncoding = 4; lastKnownFileType = sourcecode.c.objc; path = Person.m; sourceTree = "<group>"; };
		22D4109D1509A3500029A57A /* League_Gothic.otf */ = {isa = PBXFileReference; lastKnownFileType = file; path = League_Gothic.otf; sourceTree = "<group>"; };
		22D4109F1509C87C0029A57A /* Museo_Slab_500.otf */ = {isa = PBXFileReference; lastKnownFileType = file; path = Museo_Slab_500.otf; sourceTree = "<group>"; };
		22D410A11509CC750029A57A /* NSDate+Extra.h */ = {isa = PBXFileReference; fileEncoding = 4; lastKnownFileType = sourcecode.c.h; path = "NSDate+Extra.h"; sourceTree = "<group>"; };
		22D410A21509CC750029A57A /* NSDate+Extra.m */ = {isa = PBXFileReference; fileEncoding = 4; lastKnownFileType = sourcecode.c.objc; path = "NSDate+Extra.m"; sourceTree = "<group>"; };
		22D48A22150AAE0D002E0C6B /* AFHTTPClient.h */ = {isa = PBXFileReference; fileEncoding = 4; lastKnownFileType = sourcecode.c.h; path = AFHTTPClient.h; sourceTree = "<group>"; };
		22D48A23150AAE0D002E0C6B /* AFHTTPClient.m */ = {isa = PBXFileReference; fileEncoding = 4; lastKnownFileType = sourcecode.c.objc; path = AFHTTPClient.m; sourceTree = "<group>"; };
		22D48A24150AAE0D002E0C6B /* AFHTTPRequestOperation.h */ = {isa = PBXFileReference; fileEncoding = 4; lastKnownFileType = sourcecode.c.h; path = AFHTTPRequestOperation.h; sourceTree = "<group>"; };
		22D48A25150AAE0D002E0C6B /* AFHTTPRequestOperation.m */ = {isa = PBXFileReference; fileEncoding = 4; lastKnownFileType = sourcecode.c.objc; path = AFHTTPRequestOperation.m; sourceTree = "<group>"; };
		22D48A26150AAE0D002E0C6B /* AFImageRequestOperation.h */ = {isa = PBXFileReference; fileEncoding = 4; lastKnownFileType = sourcecode.c.h; path = AFImageRequestOperation.h; sourceTree = "<group>"; };
		22D48A27150AAE0D002E0C6B /* AFImageRequestOperation.m */ = {isa = PBXFileReference; fileEncoding = 4; lastKnownFileType = sourcecode.c.objc; path = AFImageRequestOperation.m; sourceTree = "<group>"; };
		22D48A28150AAE0D002E0C6B /* AFJSONRequestOperation.h */ = {isa = PBXFileReference; fileEncoding = 4; lastKnownFileType = sourcecode.c.h; path = AFJSONRequestOperation.h; sourceTree = "<group>"; };
		22D48A29150AAE0D002E0C6B /* AFJSONRequestOperation.m */ = {isa = PBXFileReference; fileEncoding = 4; lastKnownFileType = sourcecode.c.objc; path = AFJSONRequestOperation.m; sourceTree = "<group>"; };
		22D48A2A150AAE0D002E0C6B /* AFJSONUtilities.h */ = {isa = PBXFileReference; fileEncoding = 4; lastKnownFileType = sourcecode.c.h; path = AFJSONUtilities.h; sourceTree = "<group>"; };
		22D48A2B150AAE0D002E0C6B /* AFJSONUtilities.m */ = {isa = PBXFileReference; fileEncoding = 4; lastKnownFileType = sourcecode.c.objc; path = AFJSONUtilities.m; sourceTree = "<group>"; };
		22D48A2C150AAE0D002E0C6B /* AFNetworkActivityIndicatorManager.h */ = {isa = PBXFileReference; fileEncoding = 4; lastKnownFileType = sourcecode.c.h; path = AFNetworkActivityIndicatorManager.h; sourceTree = "<group>"; };
		22D48A2D150AAE0D002E0C6B /* AFNetworkActivityIndicatorManager.m */ = {isa = PBXFileReference; fileEncoding = 4; lastKnownFileType = sourcecode.c.objc; path = AFNetworkActivityIndicatorManager.m; sourceTree = "<group>"; };
		22D48A2E150AAE0D002E0C6B /* AFNetworking.h */ = {isa = PBXFileReference; fileEncoding = 4; lastKnownFileType = sourcecode.c.h; path = AFNetworking.h; sourceTree = "<group>"; };
		22D48A2F150AAE0D002E0C6B /* AFPropertyListRequestOperation.h */ = {isa = PBXFileReference; fileEncoding = 4; lastKnownFileType = sourcecode.c.h; path = AFPropertyListRequestOperation.h; sourceTree = "<group>"; };
		22D48A30150AAE0D002E0C6B /* AFPropertyListRequestOperation.m */ = {isa = PBXFileReference; fileEncoding = 4; lastKnownFileType = sourcecode.c.objc; path = AFPropertyListRequestOperation.m; sourceTree = "<group>"; };
		22D48A31150AAE0D002E0C6B /* AFURLConnectionOperation.h */ = {isa = PBXFileReference; fileEncoding = 4; lastKnownFileType = sourcecode.c.h; path = AFURLConnectionOperation.h; sourceTree = "<group>"; };
		22D48A32150AAE0D002E0C6B /* AFURLConnectionOperation.m */ = {isa = PBXFileReference; fileEncoding = 4; lastKnownFileType = sourcecode.c.objc; path = AFURLConnectionOperation.m; sourceTree = "<group>"; };
		22D48A33150AAE0D002E0C6B /* AFXMLRequestOperation.h */ = {isa = PBXFileReference; fileEncoding = 4; lastKnownFileType = sourcecode.c.h; path = AFXMLRequestOperation.h; sourceTree = "<group>"; };
		22D48A34150AAE0D002E0C6B /* AFXMLRequestOperation.m */ = {isa = PBXFileReference; fileEncoding = 4; lastKnownFileType = sourcecode.c.objc; path = AFXMLRequestOperation.m; sourceTree = "<group>"; };
		22D48A35150AAE0D002E0C6B /* UIImageView+AFNetworking.h */ = {isa = PBXFileReference; fileEncoding = 4; lastKnownFileType = sourcecode.c.h; path = "UIImageView+AFNetworking.h"; sourceTree = "<group>"; };
		22D48A36150AAE0D002E0C6B /* UIImageView+AFNetworking.m */ = {isa = PBXFileReference; fileEncoding = 4; lastKnownFileType = sourcecode.c.objc; path = "UIImageView+AFNetworking.m"; sourceTree = "<group>"; };
		22F8B5C3150C658B00BAA5F2 /* CoreData.framework */ = {isa = PBXFileReference; lastKnownFileType = wrapper.framework; name = CoreData.framework; path = System/Library/Frameworks/CoreData.framework; sourceTree = SDKROOT; };
/* End PBXFileReference section */

/* Begin PBXFrameworksBuildPhase section */
		22B771DB150845C00031D28E /* Frameworks */ = {
			isa = PBXFrameworksBuildPhase;
			buildActionMask = 2147483647;
			files = (
				2239C3D3150E78DC00032531 /* Accounts.framework in Frameworks */,
				2239C3D1150E771A00032531 /* Twitter.framework in Frameworks */,
				22F8B5C4150C658B00BAA5F2 /* CoreData.framework in Frameworks */,
				22B771E3150845C00031D28E /* UIKit.framework in Frameworks */,
				22B771E5150845C00031D28E /* Foundation.framework in Frameworks */,
				22B771E7150845C00031D28E /* CoreGraphics.framework in Frameworks */,
			);
			runOnlyForDeploymentPostprocessing = 0;
		};
		22B771FE150845C00031D28E /* Frameworks */ = {
			isa = PBXFrameworksBuildPhase;
			buildActionMask = 2147483647;
			files = (
				22B77204150845C10031D28E /* SenTestingKit.framework in Frameworks */,
				22B77205150845C10031D28E /* UIKit.framework in Frameworks */,
				22B77206150845C10031D28E /* Foundation.framework in Frameworks */,
			);
			runOnlyForDeploymentPostprocessing = 0;
		};
/* End PBXFrameworksBuildPhase section */

/* Begin PBXGroup section */
		223C768C150BEF380040D903 /* Images */ = {
			isa = PBXGroup;
			children = (
				2289B5A01544791A0065F86E /* background.jpg */,
				2289B5A11544791A0065F86E /* background@2x.jpg */,
				2289B5A21544791A0065F86E /* birthday.png */,
				2289B5A31544791A0065F86E /* birthday@2x.png */,
				2289B5A41544791A0065F86E /* blank.png */,
				2289B5A51544791A0065F86E /* blank@2x.png */,
				2289B5A61544791A0065F86E /* cal.png */,
				2289B5A71544791A0065F86E /* cal@2x.png */,
				2289B5A81544791A0065F86E /* danadroid.png */,
				2289B5A91544791A0065F86E /* danadroid@2x.png */,
				2289B5AA1544791A0065F86E /* delete.png */,
				2289B5AB1544791A0065F86E /* delete@2x.png */,
				2289B5AC1544791A0065F86E /* edit.png */,
				2289B5AD1544791A0065F86E /* edit@2x.png */,
				2289B5AE1544791A0065F86E /* ribbon.png */,
				2289B5AF1544791A0065F86E /* ribbon@2x.png */,
				2289B5B01544791A0065F86E /* shadowbar.png */,
				2289B5B11544791A0065F86E /* shadowbar@2x.png */,
				2289B5B21544791A0065F86E /* sideshadow.png */,
				2289B5B31544791A0065F86E /* sideshadow@2x.png */,
				2289B5B41544791A0065F86E /* twitter.png */,
				2289B5B51544791A0065F86E /* twitter@2x.png */,
			);
			name = Images;
			sourceTree = "<group>";
		};
		223C768D150BEF480040D903 /* Fonts */ = {
			isa = PBXGroup;
			children = (
				22D4109F1509C87C0029A57A /* Museo_Slab_500.otf */,
				22D4109D1509A3500029A57A /* League_Gothic.otf */,
			);
			name = Fonts;
			sourceTree = "<group>";
		};
		223C768E150BEF6B0040D903 /* Views */ = {
			isa = PBXGroup;
			children = (
				22B771F4150845C00031D28E /* MainStoryboard.storyboard */,
				22B7721A150847170031D28E /* SlidyTableCell.h */,
				22B7721B150847170031D28E /* SlidyTableCell.m */,
				22D410931509A0E00029A57A /* PersonView.h */,
				22D410941509A0E00029A57A /* PersonView.m */,
			);
			name = Views;
			sourceTree = "<group>";
		};
		223C768F150BEF810040D903 /* Controllers */ = {
			isa = PBXGroup;
			children = (
				22B771F7150845C00031D28E /* MasterViewController.h */,
				22B771F8150845C00031D28E /* MasterViewController.m */,
			);
			name = Controllers;
			sourceTree = "<group>";
		};
		229F4D4815A9044F00C71D73 /* Libs */ = {
			isa = PBXGroup;
			children = (
				22D410A11509CC750029A57A /* NSDate+Extra.h */,
				22D410A21509CC750029A57A /* NSDate+Extra.m */,
			);
			name = Libs;
			sourceTree = "<group>";
		};
		22B771D3150845C00031D28E = {
			isa = PBXGroup;
			children = (
				22B771E8150845C00031D28E /* people */,
				22B77209150845C10031D28E /* peopleTests */,
				22B771E1150845C00031D28E /* Frameworks */,
				22B771DF150845C00031D28E /* Products */,
			);
			sourceTree = "<group>";
		};
		22B771DF150845C00031D28E /* Products */ = {
			isa = PBXGroup;
			children = (
				22B771DE150845C00031D28E /* people.app */,
				22B77202150845C00031D28E /* peopleTests.octest */,
			);
			name = Products;
			sourceTree = "<group>";
		};
		22B771E1150845C00031D28E /* Frameworks */ = {
			isa = PBXGroup;
			children = (
				2239C3D2150E78DC00032531 /* Accounts.framework */,
				2239C3D0150E771A00032531 /* Twitter.framework */,
				22F8B5C3150C658B00BAA5F2 /* CoreData.framework */,
				22D48A21150AAE0D002E0C6B /* AFNetworking */,
				22B771E2150845C00031D28E /* UIKit.framework */,
				22B771E4150845C00031D28E /* Foundation.framework */,
				22B771E6150845C00031D28E /* CoreGraphics.framework */,
				22B77203150845C10031D28E /* SenTestingKit.framework */,
			);
			name = Frameworks;
			sourceTree = "<group>";
		};
		22B771E8150845C00031D28E /* people */ = {
			isa = PBXGroup;
			children = (
				229F4D4815A9044F00C71D73 /* Libs */,
				22F8B5C2150C656200BAA5F2 /* Models */,
				223C768F150BEF810040D903 /* Controllers */,
				223C768E150BEF6B0040D903 /* Views */,
				22B771F1150845C00031D28E /* AppDelegate.h */,
				22B771F2150845C00031D28E /* AppDelegate.m */,
				22B771E9150845C00031D28E /* Supporting Files */,
			);
			path = people;
			sourceTree = "<group>";
		};
		22B771E9150845C00031D28E /* Supporting Files */ = {
			isa = PBXGroup;
			children = (
				223C768C150BEF380040D903 /* Images */,
				223C768D150BEF480040D903 /* Fonts */,
				22B771EA150845C00031D28E /* people-Info.plist */,
				22B771EB150845C00031D28E /* InfoPlist.strings */,
				22B771EE150845C00031D28E /* main.m */,
				22B771F0150845C00031D28E /* people-Prefix.pch */,
				223C7688150BDB710040D903 /* PeopleModel.xcdatamodeld */,
			);
			name = "Supporting Files";
			sourceTree = "<group>";
		};
		22B77209150845C10031D28E /* peopleTests */ = {
			isa = PBXGroup;
			children = (
				22B7720F150845C10031D28E /* peopleTests.h */,
				22B77210150845C10031D28E /* peopleTests.m */,
				22B7720A150845C10031D28E /* Supporting Files */,
			);
			path = peopleTests;
			sourceTree = "<group>";
		};
		22B7720A150845C10031D28E /* Supporting Files */ = {
			isa = PBXGroup;
			children = (
				22B7720B150845C10031D28E /* peopleTests-Info.plist */,
				22B7720C150845C10031D28E /* InfoPlist.strings */,
			);
			name = "Supporting Files";
			sourceTree = "<group>";
		};
		22D48A21150AAE0D002E0C6B /* AFNetworking */ = {
			isa = PBXGroup;
			children = (
				22D48A22150AAE0D002E0C6B /* AFHTTPClient.h */,
				22D48A23150AAE0D002E0C6B /* AFHTTPClient.m */,
				22D48A24150AAE0D002E0C6B /* AFHTTPRequestOperation.h */,
				22D48A25150AAE0D002E0C6B /* AFHTTPRequestOperation.m */,
				22D48A26150AAE0D002E0C6B /* AFImageRequestOperation.h */,
				22D48A27150AAE0D002E0C6B /* AFImageRequestOperation.m */,
				22D48A28150AAE0D002E0C6B /* AFJSONRequestOperation.h */,
				22D48A29150AAE0D002E0C6B /* AFJSONRequestOperation.m */,
				22D48A2A150AAE0D002E0C6B /* AFJSONUtilities.h */,
				22D48A2B150AAE0D002E0C6B /* AFJSONUtilities.m */,
				22D48A2C150AAE0D002E0C6B /* AFNetworkActivityIndicatorManager.h */,
				22D48A2D150AAE0D002E0C6B /* AFNetworkActivityIndicatorManager.m */,
				22D48A2E150AAE0D002E0C6B /* AFNetworking.h */,
				22D48A2F150AAE0D002E0C6B /* AFPropertyListRequestOperation.h */,
				22D48A30150AAE0D002E0C6B /* AFPropertyListRequestOperation.m */,
				22D48A31150AAE0D002E0C6B /* AFURLConnectionOperation.h */,
				22D48A32150AAE0D002E0C6B /* AFURLConnectionOperation.m */,
				22D48A33150AAE0D002E0C6B /* AFXMLRequestOperation.h */,
				22D48A34150AAE0D002E0C6B /* AFXMLRequestOperation.m */,
				22D48A35150AAE0D002E0C6B /* UIImageView+AFNetworking.h */,
				22D48A36150AAE0D002E0C6B /* UIImageView+AFNetworking.m */,
			);
			path = AFNetworking;
			sourceTree = "<group>";
		};
		22F8B5C2150C656200BAA5F2 /* Models */ = {
			isa = PBXGroup;
			children = (
				22D410961509A0EE0029A57A /* Person.h */,
				22D410971509A0EE0029A57A /* Person.m */,
			);
			name = Models;
			sourceTree = "<group>";
		};
/* End PBXGroup section */

/* Begin PBXNativeTarget section */
		22B771DD150845C00031D28E /* people */ = {
			isa = PBXNativeTarget;
			buildConfigurationList = 22B77214150845C10031D28E /* Build configuration list for PBXNativeTarget "people" */;
			buildPhases = (
				22B771DA150845C00031D28E /* Sources */,
				22B771DB150845C00031D28E /* Frameworks */,
				22B771DC150845C00031D28E /* Resources */,
			);
			buildRules = (
			);
			dependencies = (
			);
			name = people;
			productName = people;
			productReference = 22B771DE150845C00031D28E /* people.app */;
			productType = "com.apple.product-type.application";
		};
		22B77201150845C00031D28E /* peopleTests */ = {
			isa = PBXNativeTarget;
			buildConfigurationList = 22B77217150845C10031D28E /* Build configuration list for PBXNativeTarget "peopleTests" */;
			buildPhases = (
				22B771FD150845C00031D28E /* Sources */,
				22B771FE150845C00031D28E /* Frameworks */,
				22B771FF150845C00031D28E /* Resources */,
				22B77200150845C00031D28E /* ShellScript */,
			);
			buildRules = (
			);
			dependencies = (
				22B77208150845C10031D28E /* PBXTargetDependency */,
			);
			name = peopleTests;
			productName = peopleTests;
			productReference = 22B77202150845C00031D28E /* peopleTests.octest */;
			productType = "com.apple.product-type.bundle";
		};
/* End PBXNativeTarget section */

/* Begin PBXProject section */
		22B771D5150845C00031D28E /* Project object */ = {
			isa = PBXProject;
			attributes = {
				LastUpgradeCheck = 0430;
			};
			buildConfigurationList = 22B771D8150845C00031D28E /* Build configuration list for PBXProject "people" */;
			compatibilityVersion = "Xcode 3.2";
			developmentRegion = English;
			hasScannedForEncodings = 0;
			knownRegions = (
				en,
			);
			mainGroup = 22B771D3150845C00031D28E;
			productRefGroup = 22B771DF150845C00031D28E /* Products */;
			projectDirPath = "";
			projectRoot = "";
			targets = (
				22B771DD150845C00031D28E /* people */,
				22B77201150845C00031D28E /* peopleTests */,
			);
		};
/* End PBXProject section */

/* Begin PBXResourcesBuildPhase section */
		22B771DC150845C00031D28E /* Resources */ = {
			isa = PBXResourcesBuildPhase;
			buildActionMask = 2147483647;
			files = (
				22B771ED150845C00031D28E /* InfoPlist.strings in Resources */,
				22B771F6150845C00031D28E /* MainStoryboard.storyboard in Resources */,
				22D4109E1509A3510029A57A /* League_Gothic.otf in Resources */,
				22D410A01509C87C0029A57A /* Museo_Slab_500.otf in Resources */,
				2289B5B61544791A0065F86E /* background.jpg in Resources */,
				2289B5B71544791A0065F86E /* background@2x.jpg in Resources */,
				2289B5B81544791A0065F86E /* birthday.png in Resources */,
				2289B5B91544791A0065F86E /* birthday@2x.png in Resources */,
				2289B5BA1544791A0065F86E /* blank.png in Resources */,
				2289B5BB1544791A0065F86E /* blank@2x.png in Resources */,
				2289B5BC1544791A0065F86E /* cal.png in Resources */,
				2289B5BD1544791A0065F86E /* cal@2x.png in Resources */,
				2289B5BE1544791A0065F86E /* danadroid.png in Resources */,
				2289B5BF1544791A0065F86E /* danadroid@2x.png in Resources */,
				2289B5C01544791A0065F86E /* delete.png in Resources */,
				2289B5C11544791A0065F86E /* delete@2x.png in Resources */,
				2289B5C21544791A0065F86E /* edit.png in Resources */,
				2289B5C31544791A0065F86E /* edit@2x.png in Resources */,
				2289B5C41544791A0065F86E /* ribbon.png in Resources */,
				2289B5C51544791A0065F86E /* ribbon@2x.png in Resources */,
				2289B5C61544791A0065F86E /* shadowbar.png in Resources */,
				2289B5C71544791A0065F86E /* shadowbar@2x.png in Resources */,
				2289B5C81544791A0065F86E /* sideshadow.png in Resources */,
				2289B5C91544791A0065F86E /* sideshadow@2x.png in Resources */,
				2289B5CA1544791A0065F86E /* twitter.png in Resources */,
				2289B5CB1544791A0065F86E /* twitter@2x.png in Resources */,
			);
			runOnlyForDeploymentPostprocessing = 0;
		};
		22B771FF150845C00031D28E /* Resources */ = {
			isa = PBXResourcesBuildPhase;
			buildActionMask = 2147483647;
			files = (
				22B7720E150845C10031D28E /* InfoPlist.strings in Resources */,
			);
			runOnlyForDeploymentPostprocessing = 0;
		};
/* End PBXResourcesBuildPhase section */

/* Begin PBXShellScriptBuildPhase section */
		22B77200150845C00031D28E /* ShellScript */ = {
			isa = PBXShellScriptBuildPhase;
			buildActionMask = 2147483647;
			files = (
			);
			inputPaths = (
			);
			outputPaths = (
			);
			runOnlyForDeploymentPostprocessing = 0;
			shellPath = /bin/sh;
			shellScript = "# Run the unit tests in this test bundle.\n\"${SYSTEM_DEVELOPER_DIR}/Tools/RunUnitTests\"\n";
		};
/* End PBXShellScriptBuildPhase section */

/* Begin PBXSourcesBuildPhase section */
		22B771DA150845C00031D28E /* Sources */ = {
			isa = PBXSourcesBuildPhase;
			buildActionMask = 2147483647;
			files = (
				22B771EF150845C00031D28E /* main.m in Sources */,
				22B771F3150845C00031D28E /* AppDelegate.m in Sources */,
				22B771F9150845C00031D28E /* MasterViewController.m in Sources */,
				22B7721C150847170031D28E /* SlidyTableCell.m in Sources */,
				22D410951509A0E00029A57A /* PersonView.m in Sources */,
				22D410981509A0EE0029A57A /* Person.m in Sources */,
				22D410A31509CC750029A57A /* NSDate+Extra.m in Sources */,
				22D48A37150AAE0D002E0C6B /* AFHTTPClient.m in Sources */,
				22D48A38150AAE0D002E0C6B /* AFHTTPRequestOperation.m in Sources */,
				22D48A39150AAE0D002E0C6B /* AFImageRequestOperation.m in Sources */,
				22D48A3A150AAE0D002E0C6B /* AFJSONRequestOperation.m in Sources */,
				22D48A3B150AAE0D002E0C6B /* AFJSONUtilities.m in Sources */,
				22D48A3C150AAE0D002E0C6B /* AFNetworkActivityIndicatorManager.m in Sources */,
				22D48A3D150AAE0D002E0C6B /* AFPropertyListRequestOperation.m in Sources */,
				22D48A3E150AAE0D002E0C6B /* AFURLConnectionOperation.m in Sources */,
				22D48A3F150AAE0D002E0C6B /* AFXMLRequestOperation.m in Sources */,
				22D48A40150AAE0D002E0C6B /* UIImageView+AFNetworking.m in Sources */,
				223C768A150BDB710040D903 /* PeopleModel.xcdatamodeld in Sources */,
			);
			runOnlyForDeploymentPostprocessing = 0;
		};
		22B771FD150845C00031D28E /* Sources */ = {
			isa = PBXSourcesBuildPhase;
			buildActionMask = 2147483647;
			files = (
				22B77211150845C10031D28E /* peopleTests.m in Sources */,
			);
			runOnlyForDeploymentPostprocessing = 0;
		};
/* End PBXSourcesBuildPhase section */

/* Begin PBXTargetDependency section */
		22B77208150845C10031D28E /* PBXTargetDependency */ = {
			isa = PBXTargetDependency;
			target = 22B771DD150845C00031D28E /* people */;
			targetProxy = 22B77207150845C10031D28E /* PBXContainerItemProxy */;
		};
/* End PBXTargetDependency section */

/* Begin PBXVariantGroup section */
		22B771EB150845C00031D28E /* InfoPlist.strings */ = {
			isa = PBXVariantGroup;
			children = (
				22B771EC150845C00031D28E /* en */,
			);
			name = InfoPlist.strings;
			sourceTree = "<group>";
		};
		22B771F4150845C00031D28E /* MainStoryboard.storyboard */ = {
			isa = PBXVariantGroup;
			children = (
				22B771F5150845C00031D28E /* en */,
			);
			name = MainStoryboard.storyboard;
			sourceTree = "<group>";
		};
		22B7720C150845C10031D28E /* InfoPlist.strings */ = {
			isa = PBXVariantGroup;
			children = (
				22B7720D150845C10031D28E /* en */,
			);
			name = InfoPlist.strings;
			sourceTree = "<group>";
		};
/* End PBXVariantGroup section */

/* Begin XCBuildConfiguration section */
		22B77212150845C10031D28E /* Debug */ = {
			isa = XCBuildConfiguration;
			buildSettings = {
				ALWAYS_SEARCH_USER_PATHS = NO;
				ARCHS = "$(ARCHS_STANDARD_32_BIT)";
				CLANG_ENABLE_OBJC_ARC = YES;
				"CODE_SIGN_IDENTITY[sdk=iphoneos*]" = "iPhone Developer";
				COPY_PHASE_STRIP = NO;
				GCC_C_LANGUAGE_STANDARD = gnu99;
				GCC_DYNAMIC_NO_PIC = NO;
				GCC_OPTIMIZATION_LEVEL = 0;
				GCC_PREPROCESSOR_DEFINITIONS = (
					"DEBUG=1",
					"$(inherited)",
				);
				GCC_SYMBOLS_PRIVATE_EXTERN = NO;
				GCC_VERSION = com.apple.compilers.llvm.clang.1_0;
				GCC_WARN_ABOUT_MISSING_PROTOTYPES = YES;
				GCC_WARN_ABOUT_RETURN_TYPE = YES;
				GCC_WARN_UNUSED_VARIABLE = YES;
				IPHONEOS_DEPLOYMENT_TARGET = 5.0;
				SDKROOT = iphoneos;
			};
			name = Debug;
		};
		22B77213150845C10031D28E /* Release */ = {
			isa = XCBuildConfiguration;
			buildSettings = {
				ALWAYS_SEARCH_USER_PATHS = NO;
				ARCHS = "$(ARCHS_STANDARD_32_BIT)";
				CLANG_ENABLE_OBJC_ARC = YES;
				"CODE_SIGN_IDENTITY[sdk=iphoneos*]" = "iPhone Developer";
				COPY_PHASE_STRIP = YES;
				GCC_C_LANGUAGE_STANDARD = gnu99;
				GCC_VERSION = com.apple.compilers.llvm.clang.1_0;
				GCC_WARN_ABOUT_MISSING_PROTOTYPES = YES;
				GCC_WARN_ABOUT_RETURN_TYPE = YES;
				GCC_WARN_UNUSED_VARIABLE = YES;
				IPHONEOS_DEPLOYMENT_TARGET = 5.0;
				OTHER_CFLAGS = "-DNS_BLOCK_ASSERTIONS=1";
				SDKROOT = iphoneos;
				VALIDATE_PRODUCT = YES;
			};
			name = Release;
		};
		22B77215150845C10031D28E /* Debug */ = {
			isa = XCBuildConfiguration;
			buildSettings = {
				GCC_PRECOMPILE_PREFIX_HEADER = YES;
				GCC_PREFIX_HEADER = "people/people-Prefix.pch";
				INFOPLIST_FILE = "people/people-Info.plist";
				PRODUCT_NAME = "$(TARGET_NAME)";
				WRAPPER_EXTENSION = app;
			};
			name = Debug;
		};
		22B77216150845C10031D28E /* Release */ = {
			isa = XCBuildConfiguration;
			buildSettings = {
				GCC_PRECOMPILE_PREFIX_HEADER = YES;
				GCC_PREFIX_HEADER = "people/people-Prefix.pch";
				INFOPLIST_FILE = "people/people-Info.plist";
				PRODUCT_NAME = "$(TARGET_NAME)";
				WRAPPER_EXTENSION = app;
			};
			name = Release;
		};
		22B77218150845C10031D28E /* Debug */ = {
			isa = XCBuildConfiguration;
			buildSettings = {
				BUNDLE_LOADER = "$(BUILT_PRODUCTS_DIR)/people.app/people";
				FRAMEWORK_SEARCH_PATHS = (
					"$(SDKROOT)/Developer/Library/Frameworks",
					"$(DEVELOPER_LIBRARY_DIR)/Frameworks",
				);
				GCC_PRECOMPILE_PREFIX_HEADER = YES;
				GCC_PREFIX_HEADER = "people/people-Prefix.pch";
				INFOPLIST_FILE = "peopleTests/peopleTests-Info.plist";
				PRODUCT_NAME = "$(TARGET_NAME)";
				TEST_HOST = "$(BUNDLE_LOADER)";
				WRAPPER_EXTENSION = octest;
			};
			name = Debug;
		};
		22B77219150845C10031D28E /* Release */ = {
			isa = XCBuildConfiguration;
			buildSettings = {
				BUNDLE_LOADER = "$(BUILT_PRODUCTS_DIR)/people.app/people";
				FRAMEWORK_SEARCH_PATHS = (
					"$(SDKROOT)/Developer/Library/Frameworks",
					"$(DEVELOPER_LIBRARY_DIR)/Frameworks",
				);
				GCC_PRECOMPILE_PREFIX_HEADER = YES;
				GCC_PREFIX_HEADER = "people/people-Prefix.pch";
				INFOPLIST_FILE = "peopleTests/peopleTests-Info.plist";
				PRODUCT_NAME = "$(TARGET_NAME)";
				TEST_HOST = "$(BUNDLE_LOADER)";
				WRAPPER_EXTENSION = octest;
			};
			name = Release;
		};
/* End XCBuildConfiguration section */

/* Begin XCConfigurationList section */
		22B771D8150845C00031D28E /* Build configuration list for PBXProject "people" */ = {
			isa = XCConfigurationList;
			buildConfigurations = (
				22B77212150845C10031D28E /* Debug */,
				22B77213150845C10031D28E /* Release */,
			);
			defaultConfigurationIsVisible = 0;
			defaultConfigurationName = Release;
		};
		22B77214150845C10031D28E /* Build configuration list for PBXNativeTarget "people" */ = {
			isa = XCConfigurationList;
			buildConfigurations = (
				22B77215150845C10031D28E /* Debug */,
				22B77216150845C10031D28E /* Release */,
			);
			defaultConfigurationIsVisible = 0;
			defaultConfigurationName = Release;
		};
		22B77217150845C10031D28E /* Build configuration list for PBXNativeTarget "peopleTests" */ = {
			isa = XCConfigurationList;
			buildConfigurations = (
				22B77218150845C10031D28E /* Debug */,
				22B77219150845C10031D28E /* Release */,
			);
			defaultConfigurationIsVisible = 0;
			defaultConfigurationName = Release;
		};
/* End XCConfigurationList section */

/* Begin XCVersionGroup section */
		223C7688150BDB710040D903 /* PeopleModel.xcdatamodeld */ = {
			isa = XCVersionGroup;
			children = (
				223C7689150BDB710040D903 /* PeopleModel.xcdatamodel */,
			);
			currentVersion = 223C7689150BDB710040D903 /* PeopleModel.xcdatamodel */;
			path = PeopleModel.xcdatamodeld;
			sourceTree = "<group>";
			versionGroupType = wrapper.xcdatamodel;
		};
/* End XCVersionGroup section */
	};
	rootObject = 22B771D5150845C00031D28E /* Project object */;
}
